{
  "name": "org.jgrapes.webconlet.examples.helloalpine",
  "lockfileVersion": 3,
  "requires": true,
  "packages": {
    "": {
      "devDependencies": {
        "@types/alpinejs": "^3.13.11"
      }
    },
    "node_modules/@types/alpinejs": {
      "version": "3.17.0",
      "resolved": "https://registry.npmjs.org/@types/alpinejs/-/alpinejs-3.17.0.tgz",
      "integrity": "sha512-sVgCM7bI/tUiHZVpDTsx/UBhcck3WSed21CeraITFDL16nGJI/wCVEGCYu7QWtI9+/D2Ripx9wGXoSzQSDog6A==",
      "dev": true,
      "license": "MIT"
    }
  }
}
