{
	"requires": true,
	"lockfileVersion": 1,
	"dependencies": {
		"@babel/helper-validator-identifier": {
			"version": "7.14.9",
			"resolved": "https://registry.npmjs.org/@babel/helper-validator-identifier/-/helper-validator-identifier-7.14.9.tgz",
			"integrity": "sha512-pQYxPY0UP6IHISRitNe8bsijHex4TWZXi2HwKVsjPiltzlhse2znVcm9Ace510VT1kxIHjGJCZZQBX2gJDbo0g==",
			"dev": true
		},
		"@babel/parser": {
			"version": "7.15.6",
			"resolved": "https://registry.npmjs.org/@babel/parser/-/parser-7.15.6.tgz",
			"integrity": "sha512-S/TSCcsRuCkmpUuoWijua0Snt+f3ewU/8spLo+4AXJCZfT0bVCzLD5MuOKdrx0mlAptbKzn5AdgEIIKXxXkz9Q==",
			"dev": true
		},
		"@babel/types": {
			"version": "7.15.6",
			"resolved": "https://registry.npmjs.org/@babel/types/-/types-7.15.6.tgz",
			"integrity": "sha512-BPU+7QhqNjmWyDO0/vitH/CuhpV8ZmK1wpKva8nuyNF5MJfuRNWMc+hc14+u9xT93kvykMdncrJT19h74uB1Ig==",
			"dev": true,
			"requires": {
				"@babel/helper-validator-identifier": "^7.14.9",
				"to-fast-properties": "^2.0.0"
			}
		},
		"@vue/compiler-core": {
			"version": "3.2.12",
			"resolved": "https://registry.npmjs.org/@vue/compiler-core/-/compiler-core-3.2.12.tgz",
			"integrity": "sha512-IGJ0JmrAaAl5KBBegPAKkoXvsfDFgN/h7K1t/+0MxqpZF1fTDVUOp3tG7q9gWa7fwzGEaIsPhjtT5C3qztdLKg==",
			"dev": true,
			"requires": {
				"@babel/parser": "^7.15.0",
				"@babel/types": "^7.15.0",
				"@vue/shared": "3.2.12",
				"estree-walker": "^2.0.2",
				"source-map": "^0.6.1"
			}
		},
		"@vue/compiler-dom": {
			"version": "3.2.12",
			"resolved": "https://registry.npmjs.org/@vue/compiler-dom/-/compiler-dom-3.2.12.tgz",
			"integrity": "sha512-MulvKilA2USm8ubPfvXvNY55HVTn+zHERsXeNg437TXrmM4FRCis6zjWW47QZ3ZyxEkCdqOmuiFCtXbpnuthyw==",
			"dev": true,
			"requires": {
				"@vue/compiler-core": "3.2.12",
				"@vue/shared": "3.2.12"
			}
		},
		"@vue/reactivity": {
			"version": "3.2.12",
			"resolved": "https://registry.npmjs.org/@vue/reactivity/-/reactivity-3.2.12.tgz",
			"integrity": "sha512-Lr5CTQjFm5mT/6DGnVNhptmba/Qg1DbD6eNWWmiHLMlpPt4q2ww9A2orEjVw0qNcdTJ04JLPEVAz5jhTZTCfIg==",
			"dev": true,
			"requires": {
				"@vue/shared": "3.2.12"
			}
		},
		"@vue/runtime-core": {
			"version": "3.2.12",
			"resolved": "https://registry.npmjs.org/@vue/runtime-core/-/runtime-core-3.2.12.tgz",
			"integrity": "sha512-LO+ztgcmsomavYUaSq7BTteh8pmnUmvUnXUFVYdlcg3VCdYRS0ImlclpYsNHqjAk2gU+H09dr2PP0kL961xUfQ==",
			"dev": true,
			"requires": {
				"@vue/reactivity": "3.2.12",
				"@vue/shared": "3.2.12"
			}
		},
		"@vue/runtime-dom": {
			"version": "3.2.12",
			"resolved": "https://registry.npmjs.org/@vue/runtime-dom/-/runtime-dom-3.2.12.tgz",
			"integrity": "sha512-+NSDqivgihvoPYbKFDmzFu1tW7SOzwc7r0b7T8vsJtooVPGxwtfAFZ6wyLtteOXXrCpyTR3kpyTCIp31uY7aJg==",
			"dev": true,
			"requires": {
				"@vue/runtime-core": "3.2.12",
				"@vue/shared": "3.2.12",
				"csstype": "^2.6.8"
			}
		},
		"@vue/shared": {
			"version": "3.2.12",
			"resolved": "https://registry.npmjs.org/@vue/shared/-/shared-3.2.12.tgz",
			"integrity": "sha512-5CkaifUCJwcTuru7FDwKFacPJuEoGUTw0LKSa5bw40B23s0TS+MGlYR1285nbV/ju3QUGlA6d6PD+GJkWy7uFg==",
			"dev": true
		},
		"csstype": {
			"version": "2.6.18",
			"resolved": "https://registry.npmjs.org/csstype/-/csstype-2.6.18.tgz",
			"integrity": "sha512-RSU6Hyeg14am3Ah4VZEmeX8H7kLwEEirXe6aU2IPfKNvhXwTflK5HQRDNI0ypQXoqmm+QPyG2IaPuQE5zMwSIQ==",
			"dev": true
		},
		"estree-walker": {
			"version": "2.0.2",
			"resolved": "https://registry.npmjs.org/estree-walker/-/estree-walker-2.0.2.tgz",
			"integrity": "sha512-Rfkk/Mp/DL7JVje3u18FxFujQlTNR2q6QfMSMB7AvCBx91NGj/ba3kCfza0f6dVDbw7YlRf/nDrn7pQrCCyQ/w==",
			"dev": true
		},
		"source-map": {
			"version": "0.6.1",
			"resolved": "https://registry.npmjs.org/source-map/-/source-map-0.6.1.tgz",
			"integrity": "sha512-UjgapumWlbMhkBgzT7Ykc5YXUT46F0iKu8SGXq0bcwP5dz/h0Plj6enJqjz1Zbq2l5WaqYnrVbwWOWMyF3F47g==",
			"dev": true
		},
		"to-fast-properties": {
			"version": "2.0.0",
			"resolved": "https://registry.npmjs.org/to-fast-properties/-/to-fast-properties-2.0.0.tgz",
			"integrity": "sha1-3F5pjL0HkmW8c+A3doGk5Og/YW4=",
			"dev": true
		},
		"vue": {
			"version": "3.2.12",
			"resolved": "https://registry.npmjs.org/vue/-/vue-3.2.12.tgz",
			"integrity": "sha512-VV14HtubmB56uuQaSvLkJZgoocPiN8CJI3zZA9y8h7q/Z5hcknDIFkbq5d8ku0ukZ6AJPQqMsZWcq0qryF0jgg==",
			"dev": true,
			"requires": {
				"@vue/compiler-dom": "3.2.12",
				"@vue/runtime-dom": "3.2.12",
				"@vue/shared": "3.2.12"
			}
		}
	}
}
