{
    "name": "org.jgrapes.webconsole.provider.lit",
    "lockfileVersion": 3,
    "requires": true,
    "packages": {
        "": {
            "devDependencies": {
                "lit": "^3.3.3"
            }
        },
        "node_modules/@lit-labs/ssr-dom-shim": {
            "version": "1.6.0",
            "resolved": "https://registry.npmjs.org/@lit-labs/ssr-dom-shim/-/ssr-dom-shim-1.6.0.tgz",
            "integrity": "sha512-VHb0ALPMTlgKjM6yIxxoQNnpKyUKLD04VzeQdsiXkMqkvYlAHxq9glGLmgbb889/1GsohSOAjvQYoiBppXFqrQ==",
            "dev": true,
            "license": "BSD-3-Clause"
        },
        "node_modules/@lit/reactive-element": {
            "version": "2.1.2",
            "resolved": "https://registry.npmjs.org/@lit/reactive-element/-/reactive-element-2.1.2.tgz",
            "integrity": "sha512-pbCDiVMnne1lYUIaYNN5wrwQXDtHaYtg7YEFPeW+hws6U47WeFvISGUWekPGKWOP1ygrs0ef0o1VJMk1exos5A==",
            "dev": true,
            "license": "BSD-3-Clause",
            "dependencies": {
                "@lit-labs/ssr-dom-shim": "^1.5.0"
            }
        },
        "node_modules/@types/trusted-types": {
            "version": "2.0.7",
            "resolved": "https://registry.npmjs.org/@types/trusted-types/-/trusted-types-2.0.7.tgz",
            "integrity": "sha512-ScaPdn1dQczgbl0QFTeTOmVHFULt394XJgOQNoyVhZ6r2vLnMLJfBPd53SB52T/3G36VI1/g2MZaX0cwDuXsfw==",
            "dev": true,
            "license": "MIT"
        },
        "node_modules/lit": {
            "version": "3.3.3",
            "resolved": "https://registry.npmjs.org/lit/-/lit-3.3.3.tgz",
            "integrity": "sha512-fycuvZg/hkpozL00lm1pEJH5nN/lr9ZXd6mJI2HSN4+Bzc+LDNdEApJ6HFbPkdFNHLvOplIIuJvxkS4XUxqirw==",
            "dev": true,
            "license": "BSD-3-Clause",
            "dependencies": {
                "@lit/reactive-element": "^2.1.0",
                "lit-element": "^4.2.0",
                "lit-html": "^3.3.0"
            }
        },
        "node_modules/lit-element": {
            "version": "4.2.2",
            "resolved": "https://registry.npmjs.org/lit-element/-/lit-element-4.2.2.tgz",
            "integrity": "sha512-aFKhNToWxoyhkNDmWZwEva2SlQia+jfG0fjIWV//YeTaWrVnOxD89dPKfigCUspXFmjzOEUQpOkejH5Ly6sG0w==",
            "dev": true,
            "license": "BSD-3-Clause",
            "dependencies": {
                "@lit-labs/ssr-dom-shim": "^1.5.0",
                "@lit/reactive-element": "^2.1.0",
                "lit-html": "^3.3.0"
            }
        },
        "node_modules/lit-html": {
            "version": "3.3.3",
            "resolved": "https://registry.npmjs.org/lit-html/-/lit-html-3.3.3.tgz",
            "integrity": "sha512-el8M6jK2o3RXBnrSHX3ZKrsN8zEV63pSExTO1wYJz7QndGYZ8353e2a5PPX+qHe2aGayfnchQmkAojaWAREOIA==",
            "dev": true,
            "license": "BSD-3-Clause",
            "dependencies": {
                "@types/trusted-types": "^2.0.2"
            }
        }
    }
}
