{
  "name": "org.jgrapes.webconsole.provider.markdownit",
  "lockfileVersion": 3,
  "requires": true,
  "packages": {
    "": {
      "devDependencies": {
        "markdown-it": "^14.3.0",
        "markdown-it-abbr": "^2.0.0",
        "markdown-it-container": "^4.0.0",
        "markdown-it-deflist": "^4.0.0",
        "markdown-it-emoji": "^3.1.0",
        "markdown-it-footnote": "^4.0.0",
        "markdown-it-ins": "^4.0.0",
        "markdown-it-mark": "^4.0.0",
        "markdown-it-sub": "^2.0.0",
        "markdown-it-sup": "^2.0.0"
      }
    },
    "node_modules/argparse": {
      "version": "2.0.1",
      "resolved": "https://registry.npmjs.org/argparse/-/argparse-2.0.1.tgz",
      "integrity": "sha512-8+9WqebbFzpX9OR+Wa6O29asIogeRMzcGtAINdpMHHyAg10f05aSFVBbcEqGf/PXw1EjAZ+q2/bEBg3DvurK3Q==",
      "dev": true,
      "license": "Python-2.0"
    },
    "node_modules/entities": {
      "version": "4.5.0",
      "resolved": "https://registry.npmjs.org/entities/-/entities-4.5.0.tgz",
      "integrity": "sha512-V0hjH4dGPh9Ao5p0MoRY6BVqtwCjhz6vI5LT8AJ55H+4g9/4vbHx1I54fS0XuclLhDHArPQCiMjDxjaL8fPxhw==",
      "dev": true,
      "license": "BSD-2-Clause",
      "engines": {
        "node": ">=0.12"
      },
      "funding": {
        "url": "https://github.com/fb55/entities?sponsor=1"
      }
    },
    "node_modules/linkify-it": {
      "version": "5.0.2",
      "resolved": "https://registry.npmjs.org/linkify-it/-/linkify-it-5.0.2.tgz",
      "integrity": "sha512-ONTm2jCMAVZjgQa/Fy1kScXsuOoF5NPTsoFBdE1KVIZ2vAh/r9+Bqo+0jINCBYnavTPQZz38QzFTme79ENoN3Q==",
      "dev": true,
      "funding": [
        {
          "type": "github",
          "url": "https://github.com/sponsors/puzrin"
        },
        {
          "type": "github",
          "url": "https://github.com/sponsors/markdown-it"
        }
      ],
      "license": "MIT",
      "dependencies": {
        "uc.micro": "^2.0.0"
      }
    },
    "node_modules/markdown-it": {
      "version": "14.3.0",
      "resolved": "https://registry.npmjs.org/markdown-it/-/markdown-it-14.3.0.tgz",
      "integrity": "sha512-RCEsPjR+sr0x+AuYp601tKTkgFG4YEPLCzHST3cQ/fhlJkqAkz1L2/Qbp1j9qw5SBwQHFBoW8+hoN5xssOF0Tw==",
      "dev": true,
      "funding": [
        {
          "type": "github",
          "url": "https://github.com/sponsors/puzrin"
        },
        {
          "type": "github",
          "url": "https://github.com/sponsors/markdown-it"
        }
      ],
      "license": "MIT",
      "dependencies": {
        "argparse": "^2.0.1",
        "entities": "^4.5.0",
        "linkify-it": "^5.0.2",
        "mdurl": "^2.0.0",
        "punycode.js": "^2.3.1",
        "uc.micro": "^2.1.0"
      },
      "bin": {
        "markdown-it": "bin/markdown-it.mjs"
      }
    },
    "node_modules/markdown-it-abbr": {
      "version": "2.0.0",
      "resolved": "https://registry.npmjs.org/markdown-it-abbr/-/markdown-it-abbr-2.0.0.tgz",
      "integrity": "sha512-of7C8pXSjXjDojW4neNP+jD7inUYH/DO0Ca+K/4FUEccg0oHAEX/nfscw0jfz66PJbYWOAT9U8mjO21X5p6aAw==",
      "dev": true,
      "license": "MIT"
    },
    "node_modules/markdown-it-container": {
      "version": "4.0.0",
      "resolved": "https://registry.npmjs.org/markdown-it-container/-/markdown-it-container-4.0.0.tgz",
      "integrity": "sha512-HaNccxUH0l7BNGYbFbjmGpf5aLHAMTinqRZQAEQbMr2cdD3z91Q6kIo1oUn1CQndkT03jat6ckrdRYuwwqLlQw==",
      "dev": true,
      "license": "MIT"
    },
    "node_modules/markdown-it-deflist": {
      "version": "4.0.0",
      "resolved": "https://registry.npmjs.org/markdown-it-deflist/-/markdown-it-deflist-4.0.0.tgz",
      "integrity": "sha512-06186ZWDwNLg638THD70MxBeFrDMF0+nL7IWU/qwCGHGOcUIm4MTYXbfjpv0ooWnVjkSnAjW8msKaOQmNRfY6Q==",
      "dev": true,
      "funding": [
        {
          "type": "github",
          "url": "https://github.com/sponsors/puzrin"
        },
        {
          "type": "github",
          "url": "https://github.com/sponsors/markdown-it"
        }
      ],
      "license": "MIT"
    },
    "node_modules/markdown-it-emoji": {
      "version": "3.1.0",
      "resolved": "https://registry.npmjs.org/markdown-it-emoji/-/markdown-it-emoji-3.1.0.tgz",
      "integrity": "sha512-NhmMEH2ywduD4Nty1E8uB5NqfLhAT1VR0dyvoJyStKOqCzbZmVdn/+8wj7zpDsb/fLBikpCPsWwxqKlvMmbz4g==",
      "dev": true,
      "license": "MIT"
    },
    "node_modules/markdown-it-footnote": {
      "version": "4.0.0",
      "resolved": "https://registry.npmjs.org/markdown-it-footnote/-/markdown-it-footnote-4.0.0.tgz",
      "integrity": "sha512-WYJ7urf+khJYl3DqofQpYfEYkZKbmXmwxQV8c8mO/hGIhgZ1wOe7R4HLFNwqx7TjILbnC98fuyeSsin19JdFcQ==",
      "dev": true,
      "license": "MIT"
    },
    "node_modules/markdown-it-ins": {
      "version": "4.0.0",
      "resolved": "https://registry.npmjs.org/markdown-it-ins/-/markdown-it-ins-4.0.0.tgz",
      "integrity": "sha512-sWbjK2DprrkINE4oYDhHdCijGT+MIDhEupjSHLXe5UXeVr5qmVxs/nTUVtgi0Oh/qtF+QKV0tNWDhQBEPxiMew==",
      "dev": true,
      "license": "MIT"
    },
    "node_modules/markdown-it-mark": {
      "version": "4.0.0",
      "resolved": "https://registry.npmjs.org/markdown-it-mark/-/markdown-it-mark-4.0.0.tgz",
      "integrity": "sha512-YLhzaOsU9THO/cal0lUjfMjrqSMPjjyjChYM7oyj4DnyaXEzA8gnW6cVJeyCrCVeyesrY2PlEdUYJSPFYL4Nkg==",
      "dev": true,
      "license": "MIT"
    },
    "node_modules/markdown-it-sub": {
      "version": "2.0.0",
      "resolved": "https://registry.npmjs.org/markdown-it-sub/-/markdown-it-sub-2.0.0.tgz",
      "integrity": "sha512-iCBKgwCkfQBRg2vApy9vx1C1Tu6D8XYo8NvevI3OlwzBRmiMtsJ2sXupBgEA7PPxiDwNni3qIUkhZ6j5wofDUA==",
      "dev": true,
      "license": "MIT"
    },
    "node_modules/markdown-it-sup": {
      "version": "2.0.0",
      "resolved": "https://registry.npmjs.org/markdown-it-sup/-/markdown-it-sup-2.0.0.tgz",
      "integrity": "sha512-5VgmdKlkBd8sgXuoDoxMpiU+BiEt3I49GItBzzw7Mxq9CxvnhE/k09HFli09zgfFDRixDQDfDxi0mgBCXtaTvA==",
      "dev": true,
      "license": "MIT"
    },
    "node_modules/mdurl": {
      "version": "2.1.0",
      "resolved": "https://registry.npmjs.org/mdurl/-/mdurl-2.1.0.tgz",
      "integrity": "sha512-1+HBaOx0zi/dQWht8rNv9MYf9qqpqL/kxI0hXImU6Y547zM6Sni8BQibt7ifgMcYtQg41ao3Ivd6cnSM86inpg==",
      "dev": true,
      "license": "MIT"
    },
    "node_modules/punycode.js": {
      "version": "2.3.1",
      "resolved": "https://registry.npmjs.org/punycode.js/-/punycode.js-2.3.1.tgz",
      "integrity": "sha512-uxFIHU0YlHYhDQtV4R9J6a52SLx28BCjT+4ieh7IGbgwVJWO+km431c4yRlREUAsAmt/uMjQUyQHNEPf0M39CA==",
      "dev": true,
      "license": "MIT",
      "engines": {
        "node": ">=6"
      }
    },
    "node_modules/uc.micro": {
      "version": "2.1.0",
      "resolved": "https://registry.npmjs.org/uc.micro/-/uc.micro-2.1.0.tgz",
      "integrity": "sha512-ARDJmphmdvUk6Glw7y9DQ2bFkKBHwQHLi2lsaH6PPmz/Ka9sFOBsBluozhDltWmnv9u/cF6Rt87znRTPV+yp/A==",
      "dev": true,
      "license": "MIT"
    }
  }
}
