{
	"requires": true,
	"lockfileVersion": 1,
	"dependencies": {
		"vuex": {
			"version": "4.0.0",
			"resolved": "https://registry.npmjs.org/vuex/-/vuex-4.0.0.tgz",
			"integrity": "sha512-56VPujlHscP5q/e7Jlpqc40sja4vOhC4uJD1llBCWolVI8ND4+VzisDVkUMl+z5y0MpIImW6HjhNc+ZvuizgOw==",
			"dev": true
		}
	}
}
