{
	"name": "org.jgrapes.webconsole.alpinejs",
	"lockfileVersion": 3,
	"requires": true,
	"packages": {
		"": {
			"devDependencies": {
				"@types/alpinejs": "^3.13.11",
				"normalize.css": "^8.0.1"
			}
		},
		"node_modules/@types/alpinejs": {
			"version": "3.13.11",
			"resolved": "https://registry.npmjs.org/@types/alpinejs/-/alpinejs-3.13.11.tgz",
			"integrity": "sha512-3KhGkDixCPiLdL3Z/ok1GxHwLxEWqQOKJccgaQL01wc0EVM2tCTaqlC3NIedmxAXkVzt/V6VTM8qPgnOHKJ1MA==",
			"dev": true,
			"license": "MIT"
		},
		"node_modules/normalize.css": {
			"version": "8.0.1",
			"resolved": "https://registry.npmjs.org/normalize.css/-/normalize.css-8.0.1.tgz",
			"integrity": "sha512-qizSNPO93t1YUuUhP22btGOo3chcvDFqFaj2TRybP0DMxkHOCTYwp3n34fel4a31ORXy4m1Xq0Gyqpb5m33qIg==",
			"dev": true
		}
	}
}
