{
    "name": "org.jgrapes.webconsole.provider.alpinejs",
    "lockfileVersion": 3,
    "requires": true,
    "packages": {
        "": {
            "devDependencies": {
                "alpinejs": "^3.17.4"
            }
        },
        "node_modules/@vue/reactivity": {
            "version": "3.5.42",
            "resolved": "https://registry.npmjs.org/@vue/reactivity/-/reactivity-3.5.42.tgz",
            "integrity": "sha512-TzNNfKpb7hDxbQltwAut8VDQA5YP+BuRlxntHUuRjyKwlMvmAPbs3unhCvieijifY6vFfVBwsS7wG/C7uq+bEQ==",
            "dev": true,
            "license": "MIT",
            "dependencies": {
                "@vue/shared": "3.5.42"
            }
        },
        "node_modules/@vue/shared": {
            "version": "3.5.42",
            "resolved": "https://registry.npmjs.org/@vue/shared/-/shared-3.5.42.tgz",
            "integrity": "sha512-2rPxex1jQf4jvl9MOHl6YaXCPcrNqz/FstMOEh3QWY+/OME9nQTvl9WYeCwhW7AFjaR0SnngZGlp/wkR6rkI6g==",
            "dev": true,
            "license": "MIT"
        },
        "node_modules/alpinejs": {
            "version": "3.17.4",
            "resolved": "https://registry.npmjs.org/alpinejs/-/alpinejs-3.17.4.tgz",
            "integrity": "sha512-N2gsr+58XVUt7OAPKnUGiKPDtkd+xbSGTae8C8IJxeRdkkhBJPIautkJ+qcwb7lcjJ/QK3/CPVIbN20JPvtK7A==",
            "dev": true,
            "license": "MIT",
            "dependencies": {
                "@vue/reactivity": "~3.5.40"
            }
        }
    }
}
