{
    "name": "org.jgrapes.webconsole.provider.solidjs",
    "lockfileVersion": 3,
    "requires": true,
    "packages": {
        "": {
            "devDependencies": {
                "solid-js": "^1.9.5"
            }
        },
        "node_modules/csstype": {
            "version": "3.2.3",
            "resolved": "https://registry.npmjs.org/csstype/-/csstype-3.2.3.tgz",
            "integrity": "sha512-z1HGKcYy2xA8AGQfwrn0PAy+PB7X/GSj3UVJW9qKyn43xWa+gl5nXmU4qqLMRzWVLFC8KusUX8T/0kCiOYpAIQ==",
            "dev": true,
            "license": "MIT"
        },
        "node_modules/seroval": {
            "version": "1.5.2",
            "resolved": "https://registry.npmjs.org/seroval/-/seroval-1.5.2.tgz",
            "integrity": "sha512-xcRN39BdsnO9Tf+VzsE7b3JyTJASItIV1FVFewJKCFcW4s4haIKS3e6vj8PGB9qBwC7tnuOywQMdv5N4qkzi7Q==",
            "dev": true,
            "license": "MIT",
            "engines": {
                "node": ">=10"
            }
        },
        "node_modules/seroval-plugins": {
            "version": "1.5.2",
            "resolved": "https://registry.npmjs.org/seroval-plugins/-/seroval-plugins-1.5.2.tgz",
            "integrity": "sha512-qpY0Cl+fKYFn4GOf3cMiq6l72CpuVaawb6ILjubOQ+diJ54LfOWaSSPsaswN8DRPIPW4Yq+tE1k5aKd7ILyaFg==",
            "dev": true,
            "license": "MIT",
            "engines": {
                "node": ">=10"
            },
            "peerDependencies": {
                "seroval": "^1.0"
            }
        },
        "node_modules/solid-js": {
            "version": "1.9.12",
            "resolved": "https://registry.npmjs.org/solid-js/-/solid-js-1.9.12.tgz",
            "integrity": "sha512-QzKaSJq2/iDrWR1As6MHZQ8fQkdOBf8GReYb7L5iKwMGceg7HxDcaOHk0at66tNgn9U2U7dXo8ZZpLIAmGMzgw==",
            "dev": true,
            "license": "MIT",
            "dependencies": {
                "csstype": "^3.1.0",
                "seroval": "~1.5.0",
                "seroval-plugins": "~1.5.0"
            }
        }
    }
}
