{
	"name": "org.jgrapes.webconsole.provider.solidjs",
	"lockfileVersion": 3,
	"requires": true,
	"packages": {
		"": {
			"devDependencies": {
				"solid-js": "^1.9.5"
			}
		},
		"node_modules/csstype": {
			"version": "3.1.3",
			"resolved": "https://registry.npmjs.org/csstype/-/csstype-3.1.3.tgz",
			"integrity": "sha512-M1uQkMl8rQK/szD0LNhtqxIPLpimGm8sOBwU7lLnCpSbTyY3yeU1Vc7l4KT5zT4s/yOxHH5O7tIuuLOCnLADRw==",
			"dev": true,
			"license": "MIT"
		},
		"node_modules/seroval": {
			"version": "1.2.1",
			"resolved": "https://registry.npmjs.org/seroval/-/seroval-1.2.1.tgz",
			"integrity": "sha512-yBxFFs3zmkvKNmR0pFSU//rIsYjuX418TnlDmc2weaq5XFDqDIV/NOMPBoLrbxjLH42p4UzRuXHryXh9dYcKcw==",
			"dev": true,
			"license": "MIT",
			"engines": {
				"node": ">=10"
			}
		},
		"node_modules/seroval-plugins": {
			"version": "1.2.1",
			"resolved": "https://registry.npmjs.org/seroval-plugins/-/seroval-plugins-1.2.1.tgz",
			"integrity": "sha512-H5vs53+39+x4Udwp4J5rNZfgFuA+Lt+uU+09w1gYBVWomtAl98B+E9w7yC05Xc81/HgLvJdlyqJbU0fJCKCmdw==",
			"dev": true,
			"license": "MIT",
			"engines": {
				"node": ">=10"
			},
			"peerDependencies": {
				"seroval": "^1.0"
			}
		},
		"node_modules/solid-js": {
			"version": "1.9.5",
			"resolved": "https://registry.npmjs.org/solid-js/-/solid-js-1.9.5.tgz",
			"integrity": "sha512-ogI3DaFcyn6UhYhrgcyRAMbu/buBJitYQASZz5WzfQVPP10RD2AbCoRZ517psnezrasyCbWzIxZ6kVqet768xw==",
			"dev": true,
			"license": "MIT",
			"dependencies": {
				"csstype": "^3.1.0",
				"seroval": "^1.1.0",
				"seroval-plugins": "^1.1.0"
			}
		}
	}
}
