{
	"name": "org.jgrapes.webconsole.provider.gridstack",
	"lockfileVersion": 3,
	"requires": true,
	"packages": {
		"": {
			"devDependencies": {
				"gridstack": "^9.2.2"
			}
		},
		"node_modules/gridstack": {
			"version": "9.2.2",
			"resolved": "https://registry.npmjs.org/gridstack/-/gridstack-9.2.2.tgz",
			"integrity": "sha512-JIJgPHw+l/gz7hEzXSVGtVd4tXpcBbTV7GuNRuHLMgVm07rsbI4+B6vSKV+C/CAFeTzAK2YknhRaEuVwzLrQsQ==",
			"dev": true,
			"funding": [
				{
					"type": "paypal",
					"url": "https://www.paypal.me/alaind831"
				},
				{
					"type": "venmo",
					"url": "https://www.venmo.com/adumesny"
				}
			]
		}
	}
}
