{
	"name": "org.jgrapes.webconsole.provider.gridstack",
	"lockfileVersion": 3,
	"requires": true,
	"packages": {
		"": {
			"devDependencies": {
				"gridstack": "^9.3.0"
			}
		},
		"node_modules/gridstack": {
			"version": "9.3.0",
			"resolved": "https://registry.npmjs.org/gridstack/-/gridstack-9.3.0.tgz",
			"integrity": "sha512-IamRPgMK0AyFsGefosPfz3i6ehNfbx7mVsZDumEbsGeN2BDZt15Ae6AOowl9D5I6d6c0mhQyYoifAfykefXf1g==",
			"dev": true,
			"funding": [
				{
					"type": "paypal",
					"url": "https://www.paypal.me/alaind831"
				},
				{
					"type": "venmo",
					"url": "https://www.venmo.com/adumesny"
				}
			]
		}
	}
}
