{
	"name": "org.jgrapes.webconsole.provider.gridstack",
	"lockfileVersion": 3,
	"requires": true,
	"packages": {
		"": {
			"devDependencies": {
				"gridstack": "^9.3.0"
			}
		},
		"node_modules/gridstack": {
			"version": "9.5.1",
			"resolved": "https://registry.npmjs.org/gridstack/-/gridstack-9.5.1.tgz",
			"integrity": "sha512-ZzBXY8J2dTPwVOP14d6vHhrXZMWh4qCgb+FJ1COSOrI02OtiPJtDgEQbz1rDlVR/tFU5WQP67w1RYz0eF0FkuA==",
			"dev": true,
			"funding": [
				{
					"type": "paypal",
					"url": "https://www.paypal.me/alaind831"
				},
				{
					"type": "venmo",
					"url": "https://www.venmo.com/adumesny"
				}
			],
			"license": "MIT"
		}
	}
}
