{
  "name": "org.jgrapes.webconsole.provider.luxon",
  "lockfileVersion": 2,
  "requires": true,
  "packages": {
    "": {
      "devDependencies": {
        "@types/luxon": "^2.3.1",
        "luxon": "^2.3.2"
      }
    },
    "node_modules/@types/luxon": {
      "version": "2.4.0",
      "resolved": "https://registry.npmjs.org/@types/luxon/-/luxon-2.4.0.tgz",
      "integrity": "sha512-oCavjEjRXuR6URJEtQm0eBdfsBiEcGBZbq21of8iGkeKxU1+1xgKuFPClaBZl2KB8ZZBSWlgk61tH6Mf+nvZVw==",
      "dev": true
    },
    "node_modules/luxon": {
      "version": "2.5.0",
      "resolved": "https://registry.npmjs.org/luxon/-/luxon-2.5.0.tgz",
      "integrity": "sha512-IDkEPB80Rb6gCAU+FEib0t4FeJ4uVOuX1CQ9GsvU3O+JAGIgu0J7sf1OarXKaKDygTZIoJyU6YdZzTFRu+YR0A==",
      "dev": true,
      "engines": {
        "node": ">=12"
      }
    }
  },
  "dependencies": {
    "@types/luxon": {
      "version": "2.4.0",
      "resolved": "https://registry.npmjs.org/@types/luxon/-/luxon-2.4.0.tgz",
      "integrity": "sha512-oCavjEjRXuR6URJEtQm0eBdfsBiEcGBZbq21of8iGkeKxU1+1xgKuFPClaBZl2KB8ZZBSWlgk61tH6Mf+nvZVw==",
      "dev": true
    },
    "luxon": {
      "version": "2.5.0",
      "resolved": "https://registry.npmjs.org/luxon/-/luxon-2.5.0.tgz",
      "integrity": "sha512-IDkEPB80Rb6gCAU+FEib0t4FeJ4uVOuX1CQ9GsvU3O+JAGIgu0J7sf1OarXKaKDygTZIoJyU6YdZzTFRu+YR0A==",
      "dev": true
    }
  }
}
