{
    "name": "org.jgrapes.webconsole.provider.rcwebcomponents",
    "lockfileVersion": 3,
    "requires": true,
    "packages": {
        "": {
            "devDependencies": {
                "@rcarls/rc-webcomponents": "^0.5.0"
            }
        },
        "node_modules/@floating-ui/core": {
            "version": "1.8.0",
            "resolved": "https://registry.npmjs.org/@floating-ui/core/-/core-1.8.0.tgz",
            "integrity": "sha512-0CIZ5itps/8x7BG8dEIhs53BvCUH2PCoogtakwRTut+Arm58sJooJ0AuZhLw2HJYIR5cMLNPBSS728sPho2khQ==",
            "dev": true,
            "license": "MIT",
            "dependencies": {
                "@floating-ui/utils": "^0.2.12"
            }
        },
        "node_modules/@floating-ui/dom": {
            "version": "1.8.0",
            "resolved": "https://registry.npmjs.org/@floating-ui/dom/-/dom-1.8.0.tgz",
            "integrity": "sha512-yXSrzeHZBTZadLOlfyhCkJHNeLJnHRnRInwdZ40L7ZiaAtrBwoYlsDrX3v5zB1Utk7CLfzcOVnVVWoXEky7Ceg==",
            "dev": true,
            "license": "MIT",
            "dependencies": {
                "@floating-ui/core": "^1.8.0",
                "@floating-ui/utils": "^0.2.12"
            }
        },
        "node_modules/@floating-ui/utils": {
            "version": "0.2.12",
            "resolved": "https://registry.npmjs.org/@floating-ui/utils/-/utils-0.2.12.tgz",
            "integrity": "sha512-HpCo8tmWzLVad5s2d19EhAz5zqrrQ6s69qd6moPMQvkOuSwDT1YgRfWSVuc4ennqrgv3OHppiOGMQ7oC13yIww==",
            "dev": true,
            "license": "MIT"
        },
        "node_modules/@lit-labs/ssr-dom-shim": {
            "version": "1.6.0",
            "resolved": "https://registry.npmjs.org/@lit-labs/ssr-dom-shim/-/ssr-dom-shim-1.6.0.tgz",
            "integrity": "sha512-VHb0ALPMTlgKjM6yIxxoQNnpKyUKLD04VzeQdsiXkMqkvYlAHxq9glGLmgbb889/1GsohSOAjvQYoiBppXFqrQ==",
            "dev": true,
            "license": "BSD-3-Clause",
            "peer": true
        },
        "node_modules/@lit/reactive-element": {
            "version": "2.1.2",
            "resolved": "https://registry.npmjs.org/@lit/reactive-element/-/reactive-element-2.1.2.tgz",
            "integrity": "sha512-pbCDiVMnne1lYUIaYNN5wrwQXDtHaYtg7YEFPeW+hws6U47WeFvISGUWekPGKWOP1ygrs0ef0o1VJMk1exos5A==",
            "dev": true,
            "license": "BSD-3-Clause",
            "peer": true,
            "dependencies": {
                "@lit-labs/ssr-dom-shim": "^1.5.0"
            }
        },
        "node_modules/@oddbird/css-anchor-positioning": {
            "version": "0.7.0",
            "resolved": "https://registry.npmjs.org/@oddbird/css-anchor-positioning/-/css-anchor-positioning-0.7.0.tgz",
            "integrity": "sha512-xpVtnzYSsRTzNoaHi5Hbyg2qsLwbmaHhq3lCoaTLmImEYJmdCASg1DcZVd3Qov0/PLGKoW0aOXpEQoUSInTFNg==",
            "dev": true,
            "license": "BSD-3-Clause",
            "dependencies": {
                "@floating-ui/dom": "^1.7.4",
                "@types/css-tree": "^2.3.11",
                "css-tree": "^3.1.0",
                "nanoid": "^5.1.6"
            }
        },
        "node_modules/@rcarls/rc-accordion": {
            "version": "0.5.0",
            "resolved": "https://registry.npmjs.org/@rcarls/rc-accordion/-/rc-accordion-0.5.0.tgz",
            "integrity": "sha512-KrX3uGMPpYMumUdRKSDcgd4sfBs2o4QY0U2xKBZ5sSSmgyJQb9gvHg2MFLla/RBU3nIYel7v/CX6z0RIcC/Knw==",
            "dev": true,
            "license": "MIT",
            "dependencies": {
                "@rcarls/rc-disclosure": "0.5.0"
            },
            "peerDependencies": {
                "lit": "^3.0.0"
            }
        },
        "node_modules/@rcarls/rc-app-bar": {
            "version": "0.5.0",
            "resolved": "https://registry.npmjs.org/@rcarls/rc-app-bar/-/rc-app-bar-0.5.0.tgz",
            "integrity": "sha512-vRAZ77eiNLwgN2UuSJixaLljCBSWJ5oAEOik9XDUR697v+6q/DB6YQus+RqkDyjFpp67wvLsKgMsZ/rwpvXhAQ==",
            "dev": true,
            "license": "MIT",
            "dependencies": {
                "@rcarls/rc-common": "0.5.0"
            },
            "peerDependencies": {
                "lit": "^3.0.0"
            }
        },
        "node_modules/@rcarls/rc-bottom-sheet": {
            "version": "0.5.0",
            "resolved": "https://registry.npmjs.org/@rcarls/rc-bottom-sheet/-/rc-bottom-sheet-0.5.0.tgz",
            "integrity": "sha512-2ZjbUbM0vZHyoqC5P1578erJcIETHDXLyOyA0y+x08btk/w97tW5W/UyehN878iI5MUhbSrSpJpXhUEk0fa4pA==",
            "dev": true,
            "license": "MIT",
            "dependencies": {
                "@rcarls/rc-common": "0.5.0",
                "@rcarls/rc-dialog": "0.5.0"
            },
            "peerDependencies": {
                "lit": "^3.0.0"
            }
        },
        "node_modules/@rcarls/rc-button": {
            "version": "0.5.0",
            "resolved": "https://registry.npmjs.org/@rcarls/rc-button/-/rc-button-0.5.0.tgz",
            "integrity": "sha512-8pKoOlJhdiHCYQ3RyMbp5Aiq3PYNDrtrJMrfJJXXEy9Gc9uuCf12Ll91fe+gS7biWD3tfQA54oBWPLrgla/pOA==",
            "dev": true,
            "license": "MIT",
            "peerDependencies": {
                "lit": "^3.0.0"
            }
        },
        "node_modules/@rcarls/rc-card": {
            "version": "0.5.0",
            "resolved": "https://registry.npmjs.org/@rcarls/rc-card/-/rc-card-0.5.0.tgz",
            "integrity": "sha512-dQhf3aysCKsxs1V9B1308p4543+CkYdr2jxGRNNz3OyVhdqQ/I8YOf2W0ECv/twzAojMf0oy3VtLcbKzoMJ0ZA==",
            "dev": true,
            "license": "MIT",
            "peerDependencies": {
                "lit": "^3.0.0"
            }
        },
        "node_modules/@rcarls/rc-chip": {
            "version": "0.5.0",
            "resolved": "https://registry.npmjs.org/@rcarls/rc-chip/-/rc-chip-0.5.0.tgz",
            "integrity": "sha512-tcT6ni4h8VsVF/RQ58RDL9tpkQIVPt7WBlP5SwjhThYdBEbvon6TOy4BYodYLIgUQX5IgU5IA2X5ppqsWBgwiQ==",
            "dev": true,
            "license": "MIT",
            "peerDependencies": {
                "lit": "^3.0.0"
            }
        },
        "node_modules/@rcarls/rc-combobox": {
            "version": "0.5.0",
            "resolved": "https://registry.npmjs.org/@rcarls/rc-combobox/-/rc-combobox-0.5.0.tgz",
            "integrity": "sha512-Va6XuNXJ4nIUHIolXbh42XtW9SwvO3ialQ+mcNRQBa6YE/eumZd6xR+pLCK8wxneS6KeUA7M8yAk2KhBVsMlxQ==",
            "dev": true,
            "license": "MIT",
            "dependencies": {
                "@rcarls/rc-common": "0.5.0",
                "@rcarls/rc-listbox": "0.5.0",
                "@rcarls/rc-select": "0.5.0"
            },
            "peerDependencies": {
                "lit": "^3.0.0"
            }
        },
        "node_modules/@rcarls/rc-common": {
            "version": "0.5.0",
            "resolved": "https://registry.npmjs.org/@rcarls/rc-common/-/rc-common-0.5.0.tgz",
            "integrity": "sha512-9JYDDLBx8NPlSQc0DSYAlnUKS3byMkaBcCkvvqDuTNK5wbiXHZx2aVpN2e9qIvJR3x7uY2PtrDj+DqBoRjwo3w==",
            "dev": true,
            "license": "MIT",
            "dependencies": {
                "@oddbird/css-anchor-positioning": "^0.7.0"
            },
            "peerDependencies": {
                "lit": "^3.0.0"
            }
        },
        "node_modules/@rcarls/rc-dialog": {
            "version": "0.5.0",
            "resolved": "https://registry.npmjs.org/@rcarls/rc-dialog/-/rc-dialog-0.5.0.tgz",
            "integrity": "sha512-2/Ewzl+k758GhRgEwxWMjms0ex2PNAQ1reJZKlgd3xda+Y9RoFqDHSDKhwlIrSnxx6JtNg10/CHWW/+iGDRWqA==",
            "dev": true,
            "license": "MIT",
            "dependencies": {
                "@rcarls/rc-common": "0.5.0"
            },
            "peerDependencies": {
                "lit": "^3.0.0"
            }
        },
        "node_modules/@rcarls/rc-disclosure": {
            "version": "0.5.0",
            "resolved": "https://registry.npmjs.org/@rcarls/rc-disclosure/-/rc-disclosure-0.5.0.tgz",
            "integrity": "sha512-DH/GECLJzsUbYxsRKIssl88wXGI1YH7vNWS31PsnsHZqtduBQnD8BpZtZbstsg9/haq+5wx6sQqHL7fnwaRpGw==",
            "dev": true,
            "license": "MIT",
            "peerDependencies": {
                "lit": "^3.0.0"
            }
        },
        "node_modules/@rcarls/rc-fab": {
            "version": "0.5.0",
            "resolved": "https://registry.npmjs.org/@rcarls/rc-fab/-/rc-fab-0.5.0.tgz",
            "integrity": "sha512-nHfTgkh3KyGvxnix8tNZNNUtEtYm8mIWUKAU2ZZDWMsQGufWsL4vNGoTU0K729zMWQAtA8SiseR5yOQ3jxG37Q==",
            "dev": true,
            "license": "MIT",
            "dependencies": {
                "@rcarls/rc-common": "0.5.0"
            },
            "peerDependencies": {
                "lit": "^3.0.0"
            }
        },
        "node_modules/@rcarls/rc-fab-menu": {
            "version": "0.5.0",
            "resolved": "https://registry.npmjs.org/@rcarls/rc-fab-menu/-/rc-fab-menu-0.5.0.tgz",
            "integrity": "sha512-agNMtbo0v1YAWKCsFnPeRdBYVWaxQ37EFDcn6HOr7XDwjbIyPVsH9LI5qr2i+KLpbcX2f9AHptUbJWLi8BwfUQ==",
            "dev": true,
            "license": "MIT",
            "dependencies": {
                "@rcarls/rc-common": "0.5.0",
                "@rcarls/rc-menu": "0.5.0",
                "@rcarls/rc-menu-button": "0.5.0"
            },
            "peerDependencies": {
                "lit": "^3.0.0"
            }
        },
        "node_modules/@rcarls/rc-listbox": {
            "version": "0.5.0",
            "resolved": "https://registry.npmjs.org/@rcarls/rc-listbox/-/rc-listbox-0.5.0.tgz",
            "integrity": "sha512-mGS3BnsGTVOFljwH1ATt/npxQGNlwGl3mYXysUa9ezscysTjo4J1FXwGTAIO0msNhb3oWOeHwK47oUjJ7Wr7Jg==",
            "dev": true,
            "license": "MIT",
            "dependencies": {
                "@rcarls/rc-common": "0.5.0"
            },
            "peerDependencies": {
                "lit": "^3.0.0"
            }
        },
        "node_modules/@rcarls/rc-markdown-editor": {
            "version": "0.5.0",
            "resolved": "https://registry.npmjs.org/@rcarls/rc-markdown-editor/-/rc-markdown-editor-0.5.0.tgz",
            "integrity": "sha512-dKRRtbPQkPEKm0ZamXWQoJvuf8EQeVHotRsV0q/mn1VVt4m0FFE75/gKkL7V9FC7ig5bEf7jm43W1o08u2XvlA==",
            "dev": true,
            "license": "MIT",
            "dependencies": {
                "@rcarls/rc-button": "0.5.0",
                "@rcarls/rc-select": "0.5.0",
                "@rcarls/rc-textarea": "0.5.0",
                "@rcarls/rc-toolbar": "0.5.0"
            },
            "peerDependencies": {
                "lit": "^3.0.0"
            }
        },
        "node_modules/@rcarls/rc-menu": {
            "version": "0.5.0",
            "resolved": "https://registry.npmjs.org/@rcarls/rc-menu/-/rc-menu-0.5.0.tgz",
            "integrity": "sha512-f4/u3gpmgs6HcptpHt1e0PvjAvJPy0GkGOQeFsaI1aluojPaHUyAgIoQidpXRPEJP/xXefuksgYjVvv7vX0lhA==",
            "dev": true,
            "license": "MIT",
            "dependencies": {
                "@rcarls/rc-common": "0.5.0"
            },
            "peerDependencies": {
                "lit": "^3.0.0"
            }
        },
        "node_modules/@rcarls/rc-menu-button": {
            "version": "0.5.0",
            "resolved": "https://registry.npmjs.org/@rcarls/rc-menu-button/-/rc-menu-button-0.5.0.tgz",
            "integrity": "sha512-fJkOvvsZXWscCP1BEL4YBuCkkFRwHFyQTyeRp6vNVZGwiCnIQDMjpM8mbDxE3AD1P+dHyfv36SvzslzgH/OAWA==",
            "dev": true,
            "license": "MIT",
            "dependencies": {
                "@rcarls/rc-common": "0.5.0",
                "@rcarls/rc-menu": "0.5.0",
                "@types/node": "^25.6.0"
            },
            "peerDependencies": {
                "lit": "^3.0.0"
            }
        },
        "node_modules/@rcarls/rc-menubar": {
            "version": "0.5.0",
            "resolved": "https://registry.npmjs.org/@rcarls/rc-menubar/-/rc-menubar-0.5.0.tgz",
            "integrity": "sha512-f6Pzph4QF6Ct0715f5RXw5migKdWr/jBhlZDVSBibBdfoFJ8XW/l8qVD4+MmEWoiHqjTCqSlHZk88K7AJqzEfQ==",
            "dev": true,
            "license": "MIT",
            "dependencies": {
                "@rcarls/rc-common": "0.5.0",
                "@rcarls/rc-menu": "0.5.0",
                "@rcarls/rc-menu-button": "0.5.0",
                "@types/node": "^25.6.0"
            },
            "peerDependencies": {
                "lit": "^3.0.0"
            }
        },
        "node_modules/@rcarls/rc-navigation-bar": {
            "version": "0.5.0",
            "resolved": "https://registry.npmjs.org/@rcarls/rc-navigation-bar/-/rc-navigation-bar-0.5.0.tgz",
            "integrity": "sha512-AC7uyDKYlrJ3FVzBLlqlZ7lYN7146lNghYMhIW9DDFYIqgOcR4qSui5fFOgYNBT2Al9VNxKEFvVaajcM4ynubA==",
            "dev": true,
            "license": "MIT",
            "dependencies": {
                "@rcarls/rc-common": "0.5.0"
            },
            "peerDependencies": {
                "lit": "^3.0.0"
            }
        },
        "node_modules/@rcarls/rc-navigation-rail": {
            "version": "0.5.0",
            "resolved": "https://registry.npmjs.org/@rcarls/rc-navigation-rail/-/rc-navigation-rail-0.5.0.tgz",
            "integrity": "sha512-mx6z6tsp0oPO4sSIB3wv3qsOY7AxEHXJ3dXwyUArQWm8YXCtR6VQmW3miDQrg9+jBkZBL5FwjS8hnMmeI6M+CA==",
            "dev": true,
            "license": "MIT",
            "dependencies": {
                "@rcarls/rc-common": "0.5.0"
            },
            "peerDependencies": {
                "lit": "^3.0.0"
            }
        },
        "node_modules/@rcarls/rc-range-slider": {
            "version": "0.5.0",
            "resolved": "https://registry.npmjs.org/@rcarls/rc-range-slider/-/rc-range-slider-0.5.0.tgz",
            "integrity": "sha512-OaLu2ueUl0JZ8i+/+e8ksfRPcmeNTqDs76X2muawj6yK+tNQbEumeUY9Bw/o1n5XjudcSapekeSuBsaA3ia7nA==",
            "dev": true,
            "license": "MIT",
            "dependencies": {
                "@rcarls/rc-common": "0.5.0"
            },
            "peerDependencies": {
                "lit": "^3.0.0"
            }
        },
        "node_modules/@rcarls/rc-search-bar": {
            "version": "0.5.0",
            "resolved": "https://registry.npmjs.org/@rcarls/rc-search-bar/-/rc-search-bar-0.5.0.tgz",
            "integrity": "sha512-Q0M5e1H4g4r8tP9TkDoalfK/0H+8skihW5iqBDgyOWi57bqi4waZ4nEmrxbECcZrlabkmm+gaJ9KDdiRztDZUQ==",
            "dev": true,
            "license": "MIT",
            "dependencies": {
                "@rcarls/rc-common": "0.5.0"
            },
            "peerDependencies": {
                "lit": "^3.0.0"
            }
        },
        "node_modules/@rcarls/rc-segmented-button": {
            "version": "0.5.0",
            "resolved": "https://registry.npmjs.org/@rcarls/rc-segmented-button/-/rc-segmented-button-0.5.0.tgz",
            "integrity": "sha512-ASYzhm+3k/An+EObcCUp7gmp9cLpiM5jOAABRzsY9DTpt4LzlWlxo6wEAg6hzq5K7XfySonpTj2qzCWa3LzD9A==",
            "dev": true,
            "license": "MIT",
            "peerDependencies": {
                "lit": "^3.0.0"
            }
        },
        "node_modules/@rcarls/rc-select": {
            "version": "0.5.0",
            "resolved": "https://registry.npmjs.org/@rcarls/rc-select/-/rc-select-0.5.0.tgz",
            "integrity": "sha512-F3KRrCVEEttkbH1maYAvfHlobQMTKdfSslzxiQx8+0L+xSHGv6h1U7HJOnfBTYlNWp8Zg1iycDYzS+667n3dMw==",
            "dev": true,
            "license": "MIT",
            "dependencies": {
                "@rcarls/rc-common": "0.5.0",
                "@rcarls/rc-listbox": "0.5.0"
            },
            "peerDependencies": {
                "lit": "^3.0.0"
            }
        },
        "node_modules/@rcarls/rc-slider": {
            "version": "0.5.0",
            "resolved": "https://registry.npmjs.org/@rcarls/rc-slider/-/rc-slider-0.5.0.tgz",
            "integrity": "sha512-cOun1XOSrefpxYVER9ISdnsywduIfoLf0wzAAOMjFDC3k/15Q6M9h9x4LDSwzo78Kn6ZyznEPDUfxoAz9wJjyA==",
            "dev": true,
            "license": "MIT",
            "dependencies": {
                "@rcarls/rc-common": "0.5.0"
            },
            "peerDependencies": {
                "lit": "^3.0.0"
            }
        },
        "node_modules/@rcarls/rc-snackbar": {
            "version": "0.5.0",
            "resolved": "https://registry.npmjs.org/@rcarls/rc-snackbar/-/rc-snackbar-0.5.0.tgz",
            "integrity": "sha512-/FE/nYAzL6//aHz/wyQnYcdYy4Eg4wnDCvF1o5BP87IQOCtfWE8sAtdsCk5Za46C53L4tk/5wk/YlLCgJnWbPw==",
            "dev": true,
            "license": "MIT",
            "peerDependencies": {
                "lit": "^3.0.0"
            }
        },
        "node_modules/@rcarls/rc-splitter": {
            "version": "0.5.0",
            "resolved": "https://registry.npmjs.org/@rcarls/rc-splitter/-/rc-splitter-0.5.0.tgz",
            "integrity": "sha512-Q44B8NjBvwQtfpHF49eV3MJzk42Tl5yXA7cZDMWI9gc1MVf7aYlu2OL2alk0dkm36YIOn6a/vV+V29eOjzsqHw==",
            "dev": true,
            "license": "MIT",
            "dependencies": {
                "@rcarls/rc-common": "0.5.0"
            },
            "peerDependencies": {
                "lit": "^3.0.0"
            }
        },
        "node_modules/@rcarls/rc-switch": {
            "version": "0.5.0",
            "resolved": "https://registry.npmjs.org/@rcarls/rc-switch/-/rc-switch-0.5.0.tgz",
            "integrity": "sha512-tZ8zGPola/0PWkNAcxtHqgn4qdgCD04PYVHEEMRYYBvTHuFdoOHS1rQw1inOOGX6qyhwLNvKiLZ9f/Bv1ozcJw==",
            "dev": true,
            "license": "MIT",
            "peerDependencies": {
                "lit": "^3.0.0"
            }
        },
        "node_modules/@rcarls/rc-textarea": {
            "version": "0.5.0",
            "resolved": "https://registry.npmjs.org/@rcarls/rc-textarea/-/rc-textarea-0.5.0.tgz",
            "integrity": "sha512-ovGoG6k2cV1AO6yCAiJXDW3QOGPsvM+/1dLm7gXnJJ/d8d+A/IrGh1xGb2TPSVMehQMWdAku+Yg2glo5E2355g==",
            "dev": true,
            "license": "MIT",
            "dependencies": {
                "@rcarls/rc-common": "0.5.0",
                "parchment": "^3.0.0"
            },
            "peerDependencies": {
                "lit": "^3.0.0"
            }
        },
        "node_modules/@rcarls/rc-toolbar": {
            "version": "0.5.0",
            "resolved": "https://registry.npmjs.org/@rcarls/rc-toolbar/-/rc-toolbar-0.5.0.tgz",
            "integrity": "sha512-bOkC6r0zDCSniOqI9hpMJIxG5+jTGpTtyqpgzzowQ30EX8Wxwe2v6z6lwmNh4+lG4yAQ5dtj2r/ljGHP/lpMog==",
            "dev": true,
            "license": "MIT",
            "dependencies": {
                "@rcarls/rc-common": "0.5.0"
            },
            "peerDependencies": {
                "lit": "^3.0.0"
            }
        },
        "node_modules/@rcarls/rc-transfer-list": {
            "version": "0.5.0",
            "resolved": "https://registry.npmjs.org/@rcarls/rc-transfer-list/-/rc-transfer-list-0.5.0.tgz",
            "integrity": "sha512-yskKT8W6HEOZYDOb5qwYN0z7tOR3KbA8FgWB4UY6MftbrUFjgfIzza0gXmzZ9IgRkVhkGPBHDg5MSiY38pZPyg==",
            "dev": true,
            "license": "MIT",
            "dependencies": {
                "@rcarls/rc-common": "0.5.0",
                "@rcarls/rc-listbox": "0.5.0",
                "@rcarls/rc-toolbar": "0.5.0"
            },
            "peerDependencies": {
                "lit": "^3.0.0"
            }
        },
        "node_modules/@rcarls/rc-virtual-canvas": {
            "version": "0.5.0",
            "resolved": "https://registry.npmjs.org/@rcarls/rc-virtual-canvas/-/rc-virtual-canvas-0.5.0.tgz",
            "integrity": "sha512-G0aWnRBbkmYHtC22rQosoIIAHLraO9bXnNhU0nEJZ0v8lYwkAT7tf+J+kNSGKpXT25IjuMtL7A18Kul0QIGnBw==",
            "dev": true,
            "license": "MIT",
            "peerDependencies": {
                "lit": "^3.0.0"
            }
        },
        "node_modules/@rcarls/rc-webcomponents": {
            "version": "0.5.0",
            "resolved": "https://registry.npmjs.org/@rcarls/rc-webcomponents/-/rc-webcomponents-0.5.0.tgz",
            "integrity": "sha512-ln0I/bmEOe9/eZkO31rQOIPvKZSBBA7N0wnraWzqKAi1P8k5suHdalh2605dgAycALQxhGXtosoAB3YuwxV2tw==",
            "dev": true,
            "license": "MIT",
            "dependencies": {
                "@rcarls/rc-accordion": "0.5.0",
                "@rcarls/rc-app-bar": "0.5.0",
                "@rcarls/rc-bottom-sheet": "0.5.0",
                "@rcarls/rc-button": "0.5.0",
                "@rcarls/rc-card": "0.5.0",
                "@rcarls/rc-chip": "0.5.0",
                "@rcarls/rc-combobox": "0.5.0",
                "@rcarls/rc-dialog": "0.5.0",
                "@rcarls/rc-disclosure": "0.5.0",
                "@rcarls/rc-fab": "0.5.0",
                "@rcarls/rc-fab-menu": "0.5.0",
                "@rcarls/rc-listbox": "0.5.0",
                "@rcarls/rc-markdown-editor": "0.5.0",
                "@rcarls/rc-menu": "0.5.0",
                "@rcarls/rc-menu-button": "0.5.0",
                "@rcarls/rc-menubar": "0.5.0",
                "@rcarls/rc-navigation-bar": "0.5.0",
                "@rcarls/rc-navigation-rail": "0.5.0",
                "@rcarls/rc-range-slider": "0.5.0",
                "@rcarls/rc-search-bar": "0.5.0",
                "@rcarls/rc-segmented-button": "0.5.0",
                "@rcarls/rc-select": "0.5.0",
                "@rcarls/rc-slider": "0.5.0",
                "@rcarls/rc-snackbar": "0.5.0",
                "@rcarls/rc-splitter": "0.5.0",
                "@rcarls/rc-switch": "0.5.0",
                "@rcarls/rc-textarea": "0.5.0",
                "@rcarls/rc-toolbar": "0.5.0",
                "@rcarls/rc-transfer-list": "0.5.0",
                "@rcarls/rc-virtual-canvas": "0.5.0"
            },
            "peerDependencies": {
                "lit": "^3.0.0"
            }
        },
        "node_modules/@types/css-tree": {
            "version": "2.3.11",
            "resolved": "https://registry.npmjs.org/@types/css-tree/-/css-tree-2.3.11.tgz",
            "integrity": "sha512-aEokibJOI77uIlqoBOkVbaQGC9zII0A+JH1kcTNKW2CwyYWD8KM6qdo+4c77wD3wZOQfJuNWAr9M4hdk+YhDIg==",
            "dev": true,
            "license": "MIT"
        },
        "node_modules/@types/node": {
            "version": "25.9.5",
            "resolved": "https://registry.npmjs.org/@types/node/-/node-25.9.5.tgz",
            "integrity": "sha512-OScDchr2fwuUmWdf4kZ9h7PcJiYDVInhJizG/biAq3cAvqwYktuy/TYGGdZNMtNTFUP7rnb0NU4TUdm82kt4Rg==",
            "dev": true,
            "license": "MIT",
            "dependencies": {
                "undici-types": ">=7.24.0 <7.24.7"
            }
        },
        "node_modules/@types/trusted-types": {
            "version": "2.0.7",
            "resolved": "https://registry.npmjs.org/@types/trusted-types/-/trusted-types-2.0.7.tgz",
            "integrity": "sha512-ScaPdn1dQczgbl0QFTeTOmVHFULt394XJgOQNoyVhZ6r2vLnMLJfBPd53SB52T/3G36VI1/g2MZaX0cwDuXsfw==",
            "dev": true,
            "license": "MIT",
            "peer": true
        },
        "node_modules/css-tree": {
            "version": "3.2.1",
            "resolved": "https://registry.npmjs.org/css-tree/-/css-tree-3.2.1.tgz",
            "integrity": "sha512-X7sjQzceUhu1u7Y/ylrRZFU2FS6LRiFVp6rKLPg23y3x3c3DOKAwuXGDp+PAGjh6CSnCjYeAul8pcT8bAl+lSA==",
            "dev": true,
            "license": "MIT",
            "dependencies": {
                "mdn-data": "2.27.1",
                "source-map-js": "^1.2.1"
            },
            "engines": {
                "node": "^10 || ^12.20.0 || ^14.13.0 || >=15.0.0"
            }
        },
        "node_modules/lit": {
            "version": "3.3.3",
            "resolved": "https://registry.npmjs.org/lit/-/lit-3.3.3.tgz",
            "integrity": "sha512-fycuvZg/hkpozL00lm1pEJH5nN/lr9ZXd6mJI2HSN4+Bzc+LDNdEApJ6HFbPkdFNHLvOplIIuJvxkS4XUxqirw==",
            "dev": true,
            "license": "BSD-3-Clause",
            "peer": true,
            "dependencies": {
                "@lit/reactive-element": "^2.1.0",
                "lit-element": "^4.2.0",
                "lit-html": "^3.3.0"
            }
        },
        "node_modules/lit-element": {
            "version": "4.2.2",
            "resolved": "https://registry.npmjs.org/lit-element/-/lit-element-4.2.2.tgz",
            "integrity": "sha512-aFKhNToWxoyhkNDmWZwEva2SlQia+jfG0fjIWV//YeTaWrVnOxD89dPKfigCUspXFmjzOEUQpOkejH5Ly6sG0w==",
            "dev": true,
            "license": "BSD-3-Clause",
            "peer": true,
            "dependencies": {
                "@lit-labs/ssr-dom-shim": "^1.5.0",
                "@lit/reactive-element": "^2.1.0",
                "lit-html": "^3.3.0"
            }
        },
        "node_modules/lit-html": {
            "version": "3.3.3",
            "resolved": "https://registry.npmjs.org/lit-html/-/lit-html-3.3.3.tgz",
            "integrity": "sha512-el8M6jK2o3RXBnrSHX3ZKrsN8zEV63pSExTO1wYJz7QndGYZ8353e2a5PPX+qHe2aGayfnchQmkAojaWAREOIA==",
            "dev": true,
            "license": "BSD-3-Clause",
            "peer": true,
            "dependencies": {
                "@types/trusted-types": "^2.0.2"
            }
        },
        "node_modules/mdn-data": {
            "version": "2.27.1",
            "resolved": "https://registry.npmjs.org/mdn-data/-/mdn-data-2.27.1.tgz",
            "integrity": "sha512-9Yubnt3e8A0OKwxYSXyhLymGW4sCufcLG6VdiDdUGVkPhpqLxlvP5vl1983gQjJl3tqbrM731mjaZaP68AgosQ==",
            "dev": true,
            "license": "CC0-1.0"
        },
        "node_modules/nanoid": {
            "version": "5.1.16",
            "resolved": "https://registry.npmjs.org/nanoid/-/nanoid-5.1.16.tgz",
            "integrity": "sha512-kVrnsrJqMR8+oLJnGEmSWw9BivK5mt7H3FZatVRjrc5wGqFYuBxX1yG7+A7Gi5AefkX6t/oCkizcQgpu0cY1dQ==",
            "dev": true,
            "funding": [
                {
                    "type": "github",
                    "url": "https://github.com/sponsors/ai"
                }
            ],
            "license": "MIT",
            "bin": {
                "nanoid": "bin/nanoid.js"
            },
            "engines": {
                "node": "^18 || >=20"
            }
        },
        "node_modules/parchment": {
            "version": "3.0.0",
            "resolved": "https://registry.npmjs.org/parchment/-/parchment-3.0.0.tgz",
            "integrity": "sha512-HUrJFQ/StvgmXRcQ1ftY6VEZUq3jA2t9ncFN4F84J/vN0/FPpQF+8FKXb3l6fLces6q0uOHj6NJn+2xvZnxO6A==",
            "dev": true,
            "license": "BSD-3-Clause"
        },
        "node_modules/source-map-js": {
            "version": "1.2.1",
            "resolved": "https://registry.npmjs.org/source-map-js/-/source-map-js-1.2.1.tgz",
            "integrity": "sha512-UXWMKhLOwVKb728IUtQPXxfYU+usdybtUrK/8uGE8CQMvrhOpwvzDBwj0QhSL7MQc7vIsISBG8VQ8+IDQxpfQA==",
            "dev": true,
            "license": "BSD-3-Clause",
            "engines": {
                "node": ">=0.10.0"
            }
        },
        "node_modules/undici-types": {
            "version": "7.24.6",
            "resolved": "https://registry.npmjs.org/undici-types/-/undici-types-7.24.6.tgz",
            "integrity": "sha512-WRNW+sJgj5OBN4/0JpHFqtqzhpbnV0GuB+OozA9gCL7a993SmU+1JBZCzLNxYsbMfIeDL+lTsphD5jN5N+n0zg==",
            "dev": true,
            "license": "MIT"
        }
    }
}
