{
	"name": "org.jgrapes.webconsole.provider.chartjs",
	"lockfileVersion": 2,
	"requires": true,
	"packages": {
		"": {
			"devDependencies": {
				"chart.js": "^3.7.1",
				"chartjs-adapter-luxon": "^1.1.0"
			}
		},
		"node_modules/chart.js": {
			"version": "3.7.1",
			"resolved": "https://registry.npmjs.org/chart.js/-/chart.js-3.7.1.tgz",
			"integrity": "sha512-8knRegQLFnPQAheZV8MjxIXc5gQEfDFD897BJgv/klO/vtIyFFmgMXrNfgrXpbTr/XbTturxRgxIXx/Y+ASJBA==",
			"dev": true
		},
		"node_modules/chartjs-adapter-luxon": {
			"version": "1.1.0",
			"resolved": "https://registry.npmjs.org/chartjs-adapter-luxon/-/chartjs-adapter-luxon-1.1.0.tgz",
			"integrity": "sha512-CS+xBWEyXYVLBZ3dSY/MwlSXhz8er4JjkApazY84ft/++oOLsmkt6TaXBCsUFudum7QdoYmpxiL/gSp20+emkw==",
			"dev": true,
			"peerDependencies": {
				"chart.js": "^3.0.0",
				"luxon": "^1.0.0 || ^2.0.0"
			}
		},
		"node_modules/luxon": {
			"version": "2.3.2",
			"resolved": "https://registry.npmjs.org/luxon/-/luxon-2.3.2.tgz",
			"integrity": "sha512-MlAQQVMFhGk4WUA6gpfsy0QycnKP0+NlCBJRVRNPxxSIbjrCbQ65nrpJD3FVyJNZLuJ0uoqL57ye6BmDYgHaSw==",
			"dev": true,
			"peer": true,
			"engines": {
				"node": ">=12"
			}
		}
	},
	"dependencies": {
		"chart.js": {
			"version": "3.7.1",
			"resolved": "https://registry.npmjs.org/chart.js/-/chart.js-3.7.1.tgz",
			"integrity": "sha512-8knRegQLFnPQAheZV8MjxIXc5gQEfDFD897BJgv/klO/vtIyFFmgMXrNfgrXpbTr/XbTturxRgxIXx/Y+ASJBA==",
			"dev": true
		},
		"chartjs-adapter-luxon": {
			"version": "1.1.0",
			"resolved": "https://registry.npmjs.org/chartjs-adapter-luxon/-/chartjs-adapter-luxon-1.1.0.tgz",
			"integrity": "sha512-CS+xBWEyXYVLBZ3dSY/MwlSXhz8er4JjkApazY84ft/++oOLsmkt6TaXBCsUFudum7QdoYmpxiL/gSp20+emkw==",
			"dev": true,
			"requires": {}
		},
		"luxon": {
			"version": "2.3.2",
			"resolved": "https://registry.npmjs.org/luxon/-/luxon-2.3.2.tgz",
			"integrity": "sha512-MlAQQVMFhGk4WUA6gpfsy0QycnKP0+NlCBJRVRNPxxSIbjrCbQ65nrpJD3FVyJNZLuJ0uoqL57ye6BmDYgHaSw==",
			"dev": true,
			"peer": true
		}
	}
}
