{
    "name": "org.jgrapes.webconsole.provider.chartjs",
    "lockfileVersion": 3,
    "requires": true,
    "packages": {
        "": {
            "devDependencies": {
                "chart.js": "^4.4.0"
            }
        },
        "node_modules/@kurkle/color": {
            "version": "0.3.4",
            "resolved": "https://registry.npmjs.org/@kurkle/color/-/color-0.3.4.tgz",
            "integrity": "sha512-M5UknZPHRu3DEDWoipU6sE8PdkZ6Z/S+v4dD+Ke8IaNlpdSQah50lz1KtcFBa2vsdOnwbbnxJwVM4wty6udA5w==",
            "dev": true,
            "license": "MIT"
        },
        "node_modules/chart.js": {
            "version": "4.5.1",
            "resolved": "https://registry.npmjs.org/chart.js/-/chart.js-4.5.1.tgz",
            "integrity": "sha512-GIjfiT9dbmHRiYi6Nl2yFCq7kkwdkp1W/lp2J99rX0yo9tgJGn3lKQATztIjb5tVtevcBtIdICNWqlq5+E8/Pw==",
            "dev": true,
            "license": "MIT",
            "dependencies": {
                "@kurkle/color": "^0.3.0"
            },
            "engines": {
                "pnpm": ">=8"
            }
        }
    }
}
